# @generated by Move, please check-in and do not edit manually.

[move]
version = 3
manifest_digest = "FD0D26DB42A3BE5BAC179A22754D026B8953A318F70DCF9F68BF742F2F852704"
deps_digest = "F8BBB0CCB2491CA29A3DF03D6F92277A4F3574266507ACD77214D37ECA3F3082"
dependencies = [
  { id = "Sui", name = "Sui" },
]

[[move.package]]
id = "MoveStdlib"
source = { git = "https://github.com/MystenLabs/sui.git", rev = "framework/testnet", subdir = "crates/sui-framework/packages/move-stdlib" }

[[move.package]]
id = "Sui"
source = { git = "https://github.com/MystenLabs/sui.git", rev = "framework/testnet", subdir = "crates/sui-framework/packages/sui-framework" }

dependencies = [
  { id = "MoveStdlib", name = "MoveStdlib" },
]

[move.toolchain-version]
compiler-version = "1.60.0"
edition = "2024.beta"
flavor = "sui"

[env]

[env.testnet]
chain-id = "4c78adac"
original-published-id = "0x5977fcc201cb4c5db52d8f40221a69b5d1814383780656ac79cdf775adb195d1"
latest-published-id = "0x5977fcc201cb4c5db52d8f40221a69b5d1814383780656ac79cdf775adb195d1"
published-version = "1"
